
Microsoft Visual Studio Solution File, Format Version 12.00
# Visual Studio Version 17
VisualStudioVersion = 17.8.34330.188
MinimumVisualStudioVersion = 10.0.40219.1
Project("{FAE04EC0-301F-11D3-BF4B-00C04F79EFBC}") = "MarioMonkeMadness", "MarioMonkeMadness\MarioMonkeMadness.csproj", "{4E01688C-03F3-4FBF-8351-F2A1A53D3E9C}"
EndProject
Global
	GlobalSection(SolutionConfigurationPlatforms) = preSolution
		Debug|Any CPU = Debug|Any CPU
		Release|Any CPU = Release|Any CPU
	EndGlobalSection
	GlobalSection(ProjectConfigurationPlatforms) = postSolution
		{4E01688C-03F3-4FBF-8351-F2A1A53D3E9C}.Debug|Any CPU.ActiveCfg = Debug|Any CPU
		{4E01688C-03F3-4FBF-8351-F2A1A53D3E9C}.Debug|Any CPU.Build.0 = Debug|Any CPU
		{4E01688C-03F3-4FBF-8351-F2A1A53D3E9C}.Release|Any CPU.ActiveCfg = Release|Any CPU
		{4E01688C-03F3-4FBF-8351-F2A1A53D3E9C}.Release|Any CPU.Build.0 = Release|Any CPU
	EndGlobalSection
	GlobalSection(SolutionProperties) = preSolution
		HideSolutionNode = FALSE
	EndGlobalSection
	GlobalSection(ExtensibilityGlobals) = postSolution
		SolutionGuid = {BC09CA41-1F66-481A-A71A-65A2DD89940C}
	EndGlobalSection
EndGlobal
